// !$*UTF8*$!
{
	archiveVersion = 1;
	classes = {
	};
	objectVersion = 46;
	objects = {

/* Begin PBXBuildFile section */
		1C1AE39EB5FDF236C401E880 /* Pods_TaskRabbit.framework in Frameworks */ = {isa = PBXBuildFile; fileRef = 78C146F3CE7CCE4045093E39 /* Pods_TaskRabbit.framework */; };
		4F1948A020CDF64C00E53D1E /* CategoryTableViewController.swift in Sources */ = {isa = PBXBuildFile; fileRef = 4F19489F20CDF64C00E53D1E /* CategoryTableViewController.swift */; };
		4F3DB80C20C8BE7300D4B73C /* DataModel.xcdatamodeld in Sources */ = {isa = PBXBuildFile; fileRef = 4F3DB80A20C8BE7300D4B73C /* DataModel.xcdatamodeld */; };
		4F87941020C311F70073078F /* AppDelegate.swift in Sources */ = {isa = PBXBuildFile; fileRef = 4F87940F20C311F70073078F /* AppDelegate.swift */; };
		4F87941220C311F70073078F /* TableViewController.swift in Sources */ = {isa = PBXBuildFile; fileRef = 4F87941120C311F70073078F /* TableViewController.swift */; };
		4F87941520C311F70073078F /* Main.storyboard in Resources */ = {isa = PBXBuildFile; fileRef = 4F87941320C311F70073078F /* Main.storyboard */; };
		4F87941720C311F70073078F /* Assets.xcassets in Resources */ = {isa = PBXBuildFile; fileRef = 4F87941620C311F70073078F /* Assets.xcassets */; };
		4F87941A20C311F70073078F /* LaunchScreen.storyboard in Resources */ = {isa = PBXBuildFile; fileRef = 4F87941820C311F70073078F /* LaunchScreen.storyboard */; };
/* End PBXBuildFile section */

/* Begin PBXFileReference section */
		1162CB9878C05C70C730B555 /* Pods-TaskRabbit.release.xcconfig */ = {isa = PBXFileReference; includeInIndex = 1; lastKnownFileType = text.xcconfig; name = "Pods-TaskRabbit.release.xcconfig"; path = "Pods/Target Support Files/Pods-TaskRabbit/Pods-TaskRabbit.release.xcconfig"; sourceTree = "<group>"; };
		4F19489F20CDF64C00E53D1E /* CategoryTableViewController.swift */ = {isa = PBXFileReference; fileEncoding = 4; lastKnownFileType = sourcecode.swift; path = CategoryTableViewController.swift; sourceTree = "<group>"; };
		4F3DB80B20C8BE7300D4B73C /* DataModel.xcdatamodel */ = {isa = PBXFileReference; lastKnownFileType = wrapper.xcdatamodel; path = DataModel.xcdatamodel; sourceTree = "<group>"; };
		4F87940C20C311F70073078F /* TaskRabbit.app */ = {isa = PBXFileReference; explicitFileType = wrapper.application; includeInIndex = 0; path = TaskRabbit.app; sourceTree = BUILT_PRODUCTS_DIR; };
		4F87940F20C311F70073078F /* AppDelegate.swift */ = {isa = PBXFileReference; lastKnownFileType = sourcecode.swift; path = AppDelegate.swift; sourceTree = "<group>"; };
		4F87941120C311F70073078F /* TableViewController.swift */ = {isa = PBXFileReference; lastKnownFileType = sourcecode.swift; path = TableViewController.swift; sourceTree = "<group>"; };
		4F87941420C311F70073078F /* Base */ = {isa = PBXFileReference; lastKnownFileType = file.storyboard; name = Base; path = Base.lproj/Main.storyboard; sourceTree = "<group>"; };
		4F87941620C311F70073078F /* Assets.xcassets */ = {isa = PBXFileReference; lastKnownFileType = folder.assetcatalog; path = Assets.xcassets; sourceTree = "<group>"; };
		4F87941920C311F70073078F /* Base */ = {isa = PBXFileReference; lastKnownFileType = file.storyboard; name = Base; path = Base.lproj/LaunchScreen.storyboard; sourceTree = "<group>"; };
		4F87941B20C311F70073078F /* Info.plist */ = {isa = PBXFileReference; lastKnownFileType = text.plist.xml; path = Info.plist; sourceTree = "<group>"; };
		78C146F3CE7CCE4045093E39 /* Pods_TaskRabbit.framework */ = {isa = PBXFileReference; explicitFileType = wrapper.framework; includeInIndex = 0; path = Pods_TaskRabbit.framework; sourceTree = BUILT_PRODUCTS_DIR; };
		B0819BA2E279D650DCC12798 /* Pods-TaskRabbit.debug.xcconfig */ = {isa = PBXFileReference; includeInIndex = 1; lastKnownFileType = text.xcconfig; name = "Pods-TaskRabbit.debug.xcconfig"; path = "Pods/Target Support Files/Pods-TaskRabbit/Pods-TaskRabbit.debug.xcconfig"; sourceTree = "<group>"; };
/* End PBXFileReference section */

/* Begin PBXFrameworksBuildPhase section */
		4F87940920C311F70073078F /* Frameworks */ = {
			isa = PBXFrameworksBuildPhase;
			buildActionMask = 2147483647;
			files = (
				1C1AE39EB5FDF236C401E880 /* Pods_TaskRabbit.framework in Frameworks */,
			);
			runOnlyForDeploymentPostprocessing = 0;
		};
/* End PBXFrameworksBuildPhase section */

/* Begin PBXGroup section */
		4F55F81320C743B6001D4C9D /* View */ = {
			isa = PBXGroup;
			children = (
				4F87941320C311F70073078F /* Main.storyboard */,
			);
			name = View;
			sourceTree = "<group>";
		};
		4F55F81420C743C0001D4C9D /* Controller */ = {
			isa = PBXGroup;
			children = (
				4F19489F20CDF64C00E53D1E /* CategoryTableViewController.swift */,
				4F87941120C311F70073078F /* TableViewController.swift */,
			);
			name = Controller;
			sourceTree = "<group>";
		};
		4F55F81520C743C5001D4C9D /* Supporting Files */ = {
			isa = PBXGroup;
			children = (
			);
			name = "Supporting Files";
			sourceTree = "<group>";
		};
		4F8269D120C60BD00025680B /* Model */ = {
			isa = PBXGroup;
			children = (
				4F3DB80A20C8BE7300D4B73C /* DataModel.xcdatamodeld */,
			);
			name = Model;
			sourceTree = "<group>";
		};
		4F87940320C311F70073078F = {
			isa = PBXGroup;
			children = (
				4F87940E20C311F70073078F /* TaskRabbit */,
				4F87940D20C311F70073078F /* Products */,
				BC0559B9AE152B4A8E713F0B /* Pods */,
				6F35A13AEC13F737CA327516 /* Frameworks */,
			);
			sourceTree = "<group>";
		};
		4F87940D20C311F70073078F /* Products */ = {
			isa = PBXGroup;
			children = (
				4F87940C20C311F70073078F /* TaskRabbit.app */,
			);
			name = Products;
			sourceTree = "<group>";
		};
		4F87940E20C311F70073078F /* TaskRabbit */ = {
			isa = PBXGroup;
			children = (
				4F55F81520C743C5001D4C9D /* Supporting Files */,
				4F55F81420C743C0001D4C9D /* Controller */,
				4F55F81320C743B6001D4C9D /* View */,
				4F8269D120C60BD00025680B /* Model */,
				4F87940F20C311F70073078F /* AppDelegate.swift */,
				4F87941620C311F70073078F /* Assets.xcassets */,
				4F87941820C311F70073078F /* LaunchScreen.storyboard */,
				4F87941B20C311F70073078F /* Info.plist */,
			);
			path = TaskRabbit;
			sourceTree = "<group>";
		};
		6F35A13AEC13F737CA327516 /* Frameworks */ = {
			isa = PBXGroup;
			children = (
				78C146F3CE7CCE4045093E39 /* Pods_TaskRabbit.framework */,
			);
			name = Frameworks;
			sourceTree = "<group>";
		};
		BC0559B9AE152B4A8E713F0B /* Pods */ = {
			isa = PBXGroup;
			children = (
				B0819BA2E279D650DCC12798 /* Pods-TaskRabbit.debug.xcconfig */,
				1162CB9878C05C70C730B555 /* Pods-TaskRabbit.release.xcconfig */,
			);
			name = Pods;
			sourceTree = "<group>";
		};
/* End PBXGroup section */

/* Begin PBXNativeTarget section */
		4F87940B20C311F70073078F /* TaskRabbit */ = {
			isa = PBXNativeTarget;
			buildConfigurationList = 4F87941E20C311F70073078F /* Build configuration list for PBXNativeTarget "TaskRabbit" */;
			buildPhases = (
				C456A4D807C73168314A3A8B /* [CP] Check Pods Manifest.lock */,
				4F87940820C311F70073078F /* Sources */,
				4F87940920C311F70073078F /* Frameworks */,
				4F87940A20C311F70073078F /* Resources */,
				716017B5FBBA326DE842877F /* [CP] Embed Pods Frameworks */,
			);
			buildRules = (
			);
			dependencies = (
			);
			name = TaskRabbit;
			productName = TaskRabbit;
			productReference = 4F87940C20C311F70073078F /* TaskRabbit.app */;
			productType = "com.apple.product-type.application";
		};
/* End PBXNativeTarget section */

/* Begin PBXProject section */
		4F87940420C311F70073078F /* Project object */ = {
			isa = PBXProject;
			attributes = {
				LastSwiftUpdateCheck = 0820;
				LastUpgradeCheck = 0940;
				ORGANIZATIONNAME = "Edgar Ruiz";
				TargetAttributes = {
					4F87940B20C311F70073078F = {
						CreatedOnToolsVersion = 8.2.1;
						LastSwiftMigration = 0940;
						ProvisioningStyle = Automatic;
					};
				};
			};
			buildConfigurationList = 4F87940720C311F70073078F /* Build configuration list for PBXProject "TaskRabbit" */;
			compatibilityVersion = "Xcode 3.2";
			developmentRegion = English;
			hasScannedForEncodings = 0;
			knownRegions = (
				en,
				Base,
			);
			mainGroup = 4F87940320C311F70073078F;
			productRefGroup = 4F87940D20C311F70073078F /* Products */;
			projectDirPath = "";
			projectRoot = "";
			targets = (
				4F87940B20C311F70073078F /* TaskRabbit */,
			);
		};
/* End PBXProject section */

/* Begin PBXResourcesBuildPhase section */
		4F87940A20C311F70073078F /* Resources */ = {
			isa = PBXResourcesBuildPhase;
			buildActionMask = 2147483647;
			files = (
				4F87941A20C311F70073078F /* LaunchScreen.storyboard in Resources */,
				4F87941720C311F70073078F /* Assets.xcassets in Resources */,
				4F87941520C311F70073078F /* Main.storyboard in Resources */,
			);
			runOnlyForDeploymentPostprocessing = 0;
		};
/* End PBXResourcesBuildPhase section */

/* Begin PBXShellScriptBuildPhase section */
		716017B5FBBA326DE842877F /* [CP] Embed Pods Frameworks */ = {
			isa = PBXShellScriptBuildPhase;
			buildActionMask = 2147483647;
			files = (
			);
			inputPaths = (
				"${SRCROOT}/Pods/Target Support Files/Pods-TaskRabbit/Pods-TaskRabbit-frameworks.sh",
				"${BUILT_PRODUCTS_DIR}/Realm/Realm.framework",
				"${BUILT_PRODUCTS_DIR}/RealmSwift/RealmSwift.framework",
			);
			name = "[CP] Embed Pods Frameworks";
			outputPaths = (
				"${TARGET_BUILD_DIR}/${FRAMEWORKS_FOLDER_PATH}/Realm.framework",
				"${TARGET_BUILD_DIR}/${FRAMEWORKS_FOLDER_PATH}/RealmSwift.framework",
			);
			runOnlyForDeploymentPostprocessing = 0;
			shellPath = /bin/sh;
			shellScript = "\"${SRCROOT}/Pods/Target Support Files/Pods-TaskRabbit/Pods-TaskRabbit-frameworks.sh\"\n";
			showEnvVarsInLog = 0;
		};
		C456A4D807C73168314A3A8B /* [CP] Check Pods Manifest.lock */ = {
			isa = PBXShellScriptBuildPhase;
			buildActionMask = 2147483647;
			files = (
			);
			inputPaths = (
				"${PODS_PODFILE_DIR_PATH}/Podfile.lock",
				"${PODS_ROOT}/Manifest.lock",
			);
			name = "[CP] Check Pods Manifest.lock";
			outputPaths = (
				"$(DERIVED_FILE_DIR)/Pods-TaskRabbit-checkManifestLockResult.txt",
			);
			runOnlyForDeploymentPostprocessing = 0;
			shellPath = /bin/sh;
			shellScript = "diff \"${PODS_PODFILE_DIR_PATH}/Podfile.lock\" \"${PODS_ROOT}/Manifest.lock\" > /dev/null\nif [ $? != 0 ] ; then\n    # print error to STDERR\n    echo \"error: The sandbox is not in sync with the Podfile.lock. Run 'pod install' or update your CocoaPods installation.\" >&2\n    exit 1\nfi\n# This output is used by Xcode 'outputs' to avoid re-running this script phase.\necho \"SUCCESS\" > \"${SCRIPT_OUTPUT_FILE_0}\"\n";
			showEnvVarsInLog = 0;
		};
/* End PBXShellScriptBuildPhase section */

/* Begin PBXSourcesBuildPhase section */
		4F87940820C311F70073078F /* Sources */ = {
			isa = PBXSourcesBuildPhase;
			buildActionMask = 2147483647;
			files = (
				4F87941220C311F70073078F /* TableViewController.swift in Sources */,
				4F3DB80C20C8BE7300D4B73C /* DataModel.xcdatamodeld in Sources */,
				4F87941020C311F70073078F /* AppDelegate.swift in Sources */,
				4F1948A020CDF64C00E53D1E /* CategoryTableViewController.swift in Sources */,
			);
			runOnlyForDeploymentPostprocessing = 0;
		};
/* End PBXSourcesBuildPhase section */

/* Begin PBXVariantGroup section */
		4F87941320C311F70073078F /* Main.storyboard */ = {
			isa = PBXVariantGroup;
			children = (
				4F87941420C311F70073078F /* Base */,
			);
			name = Main.storyboard;
			sourceTree = "<group>";
		};
		4F87941820C311F70073078F /* LaunchScreen.storyboard */ = {
			isa = PBXVariantGroup;
			children = (
				4F87941920C311F70073078F /* Base */,
			);
			name = LaunchScreen.storyboard;
			sourceTree = "<group>";
		};
/* End PBXVariantGroup section */

/* Begin XCBuildConfiguration section */
		4F87941C20C311F70073078F /* Debug */ = {
			isa = XCBuildConfiguration;
			buildSettings = {
				ALWAYS_SEARCH_USER_PATHS = NO;
				CLANG_ANALYZER_NONNULL = YES;
				CLANG_CXX_LANGUAGE_STANDARD = "gnu++0x";
				CLANG_CXX_LIBRARY = "libc++";
				CLANG_ENABLE_MODULES = YES;
				CLANG_ENABLE_OBJC_ARC = YES;
				CLANG_WARN_BLOCK_CAPTURE_AUTORELEASING = YES;
				CLANG_WARN_BOOL_CONVERSION = YES;
				CLANG_WARN_COMMA = YES;
				CLANG_WARN_CONSTANT_CONVERSION = YES;
				CLANG_WARN_DEPRECATED_OBJC_IMPLEMENTATIONS = YES;
				CLANG_WARN_DIRECT_OBJC_ISA_USAGE = YES_ERROR;
				CLANG_WARN_DOCUMENTATION_COMMENTS = YES;
				CLANG_WARN_EMPTY_BODY = YES;
				CLANG_WARN_ENUM_CONVERSION = YES;
				CLANG_WARN_INFINITE_RECURSION = YES;
				CLANG_WARN_INT_CONVERSION = YES;
				CLANG_WARN_NON_LITERAL_NULL_CONVERSION = YES;
				CLANG_WARN_OBJC_IMPLICIT_RETAIN_SELF = YES;
				CLANG_WARN_OBJC_LITERAL_CONVERSION = YES;
				CLANG_WARN_OBJC_ROOT_CLASS = YES_ERROR;
				CLANG_WARN_RANGE_LOOP_ANALYSIS = YES;
				CLANG_WARN_STRICT_PROTOTYPES = YES;
				CLANG_WARN_SUSPICIOUS_MOVE = YES;
				CLANG_WARN_UNREACHABLE_CODE = YES;
				CLANG_WARN__DUPLICATE_METHOD_MATCH = YES;
				"CODE_SIGN_IDENTITY[sdk=iphoneos*]" = "iPhone Developer";
				COPY_PHASE_STRIP = NO;
				DEBUG_INFORMATION_FORMAT = dwarf;
				ENABLE_STRICT_OBJC_MSGSEND = YES;
				ENABLE_TESTABILITY = YES;
				GCC_C_LANGUAGE_STANDARD = gnu99;
				GCC_DYNAMIC_NO_PIC = NO;
				GCC_NO_COMMON_BLOCKS = YES;
				GCC_OPTIMIZATION_LEVEL = 0;
				GCC_PREPROCESSOR_DEFINITIONS = (
					"DEBUG=1",
					"$(inherited)",
				);
				GCC_WARN_64_TO_32_BIT_CONVERSION = YES;
				GCC_WARN_ABOUT_RETURN_TYPE = YES_ERROR;
				GCC_WARN_UNDECLARED_SELECTOR = YES;
				GCC_WARN_UNINITIALIZED_AUTOS = YES_AGGRESSIVE;
				GCC_WARN_UNUSED_FUNCTION = YES;
				GCC_WARN_UNUSED_VARIABLE = YES;
				IPHONEOS_DEPLOYMENT_TARGET = 10.2;
				MTL_ENABLE_DEBUG_INFO = YES;
				ONLY_ACTIVE_ARCH = YES;
				SDKROOT = iphoneos;
				SWIFT_ACTIVE_COMPILATION_CONDITIONS = DEBUG;
				SWIFT_OPTIMIZATION_LEVEL = "-Onone";
				TARGETED_DEVICE_FAMILY = "1,2";
			};
			name = Debug;
		};
		4F87941D20C311F70073078F /* Release */ = {
			isa = XCBuildConfiguration;
			buildSettings = {
				ALWAYS_SEARCH_USER_PATHS = NO;
				CLANG_ANALYZER_NONNULL = YES;
				CLANG_CXX_LANGUAGE_STANDARD = "gnu++0x";
				CLANG_CXX_LIBRARY = "libc++";
				CLANG_ENABLE_MODULES = YES;
				CLANG_ENABLE_OBJC_ARC = YES;
				CLANG_WARN_BLOCK_CAPTURE_AUTORELEASING = YES;
				CLANG_WARN_BOOL_CONVERSION = YES;
				CLANG_WARN_COMMA = YES;
				CLANG_WARN_CONSTANT_CONVERSION = YES;
				CLANG_WARN_DEPRECATED_OBJC_IMPLEMENTATIONS = YES;
				CLANG_WARN_DIRECT_OBJC_ISA_USAGE = YES_ERROR;
				CLANG_WARN_DOCUMENTATION_COMMENTS = YES;
				CLANG_WARN_EMPTY_BODY = YES;
				CLANG_WARN_ENUM_CONVERSION = YES;
				CLANG_WARN_INFINITE_RECURSION = YES;
				CLANG_WARN_INT_CONVERSION = YES;
				CLANG_WARN_NON_LITERAL_NULL_CONVERSION = YES;
				CLANG_WARN_OBJC_IMPLICIT_RETAIN_SELF = YES;
				CLANG_WARN_OBJC_LITERAL_CONVERSION = YES;
				CLANG_WARN_OBJC_ROOT_CLASS = YES_ERROR;
				CLANG_WARN_RANGE_LOOP_ANALYSIS = YES;
				CLANG_WARN_STRICT_PROTOTYPES = YES;
				CLANG_WARN_SUSPICIOUS_MOVE = YES;
				CLANG_WARN_UNREACHABLE_CODE = YES;
				CLANG_WARN__DUPLICATE_METHOD_MATCH = YES;
				"CODE_SIGN_IDENTITY[sdk=iphoneos*]" = "iPhone Developer";
				COPY_PHASE_STRIP = NO;
				DEBUG_INFORMATION_FORMAT = "dwarf-with-dsym";
				ENABLE_NS_ASSERTIONS = NO;
				ENABLE_STRICT_OBJC_MSGSEND = YES;
				GCC_C_LANGUAGE_STANDARD = gnu99;
				GCC_NO_COMMON_BLOCKS = YES;
				GCC_WARN_64_TO_32_BIT_CONVERSION = YES;
				GCC_WARN_ABOUT_RETURN_TYPE = YES_ERROR;
				GCC_WARN_UNDECLARED_SELECTOR = YES;
				GCC_WARN_UNINITIALIZED_AUTOS = YES_AGGRESSIVE;
				GCC_WARN_UNUSED_FUNCTION = YES;
				GCC_WARN_UNUSED_VARIABLE = YES;
				IPHONEOS_DEPLOYMENT_TARGET = 10.2;
				MTL_ENABLE_DEBUG_INFO = NO;
				SDKROOT = iphoneos;
				SWIFT_OPTIMIZATION_LEVEL = "-Owholemodule";
				TARGETED_DEVICE_FAMILY = "1,2";
				VALIDATE_PRODUCT = YES;
			};
			name = Release;
		};
		4F87941F20C311F70073078F /* Debug */ = {
			isa = XCBuildConfiguration;
			baseConfigurationReference = B0819BA2E279D650DCC12798 /* Pods-TaskRabbit.debug.xcconfig */;
			buildSettings = {
				ASSETCATALOG_COMPILER_APPICON_NAME = AppIcon;
				INFOPLIST_FILE = TaskRabbit/Info.plist;
				LD_RUNPATH_SEARCH_PATHS = "$(inherited) @executable_path/Frameworks";
				PRODUCT_BUNDLE_IDENTIFIER = "com.edgarruizapp-diceeapp.TaskRabbit";
				PRODUCT_NAME = "$(TARGET_NAME)";
				SWIFT_SWIFT3_OBJC_INFERENCE = On;
				SWIFT_VERSION = 4.0;
			};
			name = Debug;
		};
		4F87942020C311F70073078F /* Release */ = {
			isa = XCBuildConfiguration;
			baseConfigurationReference = 1162CB9878C05C70C730B555 /* Pods-TaskRabbit.release.xcconfig */;
			buildSettings = {
				ASSETCATALOG_COMPILER_APPICON_NAME = AppIcon;
				INFOPLIST_FILE = TaskRabbit/Info.plist;
				LD_RUNPATH_SEARCH_PATHS = "$(inherited) @executable_path/Frameworks";
				PRODUCT_BUNDLE_IDENTIFIER = "com.edgarruizapp-diceeapp.TaskRabbit";
				PRODUCT_NAME = "$(TARGET_NAME)";
				SWIFT_SWIFT3_OBJC_INFERENCE = On;
				SWIFT_VERSION = 4.0;
			};
			name = Release;
		};
/* End XCBuildConfiguration section */

/* Begin XCConfigurationList section */
		4F87940720C311F70073078F /* Build configuration list for PBXProject "TaskRabbit" */ = {
			isa = XCConfigurationList;
			buildConfigurations = (
				4F87941C20C311F70073078F /* Debug */,
				4F87941D20C311F70073078F /* Release */,
			);
			defaultConfigurationIsVisible = 0;
			defaultConfigurationName = Release;
		};
		4F87941E20C311F70073078F /* Build configuration list for PBXNativeTarget "TaskRabbit" */ = {
			isa = XCConfigurationList;
			buildConfigurations = (
				4F87941F20C311F70073078F /* Debug */,
				4F87942020C311F70073078F /* Release */,
			);
			defaultConfigurationIsVisible = 0;
			defaultConfigurationName = Release;
		};
/* End XCConfigurationList section */

/* Begin XCVersionGroup section */
		4F3DB80A20C8BE7300D4B73C /* DataModel.xcdatamodeld */ = {
			isa = XCVersionGroup;
			children = (
				4F3DB80B20C8BE7300D4B73C /* DataModel.xcdatamodel */,
			);
			currentVersion = 4F3DB80B20C8BE7300D4B73C /* DataModel.xcdatamodel */;
			path = DataModel.xcdatamodeld;
			sourceTree = "<group>";
			versionGroupType = wrapper.xcdatamodel;
		};
/* End XCVersionGroup section */
	};
	rootObject = 4F87940420C311F70073078F /* Project object */;
}
